<?xml version="1.0" encoding="utf-8"?>
<Project ToolsVersion="4.0" xmlns="http://schemas.microsoft.com/developer/msbuild/2003">
  <ItemGroup>
    <Filter Include="소스 파일">
      <UniqueIdentifier>{4FC737F1-C7A5-4376-A066-2A32D752A2FF}</UniqueIdentifier>
      <Extensions>cpp;c;cc;cxx;def;odl;idl;hpj;bat;asm;asmx</Extensions>
    </Filter>
    <Filter Include="헤더 파일">
      <UniqueIdentifier>{93995380-89BD-4b04-88EB-625FBE52EBFB}</UniqueIdentifier>
      <Extensions>h;hh;hpp;hxx;hm;inl;inc;ipp;xsd</Extensions>
    </Filter>
    <Filter Include="리소스 파일">
      <UniqueIdentifier>{67DA6AB6-F800-4c08-8B7A-83BB121AAD01}</UniqueIdentifier>
      <Extensions>rc;ico;cur;bmp;dlg;rc2;rct;bin;rgs;gif;jpg;jpeg;jpe;resx;tiff;tif;png;wav;mfcribbon-ms</Extensions>
    </Filter>
    <Filter Include="소스 파일\GameSystem">
      <UniqueIdentifier>{4c754559-8e42-470a-9a4e-f5709819f020}</UniqueIdentifier>
    </Filter>
    <Filter Include="UpdateLog">
      <UniqueIdentifier>{4d3701d2-21f4-4e3a-8dab-a83efb789539}</UniqueIdentifier>
    </Filter>
    <Filter Include="소스 파일\Main">
      <UniqueIdentifier>{13a632ca-e983-473c-baf2-d66e40295ea0}</UniqueIdentifier>
    </Filter>
    <Filter Include="소스 파일\GameSystem\CONSOLE">
      <UniqueIdentifier>{73f043aa-04d8-4b47-9c2b-6b813dc72a9e}</UniqueIdentifier>
    </Filter>
    <Filter Include="소스 파일\GameSystem\KEYBOARD">
      <UniqueIdentifier>{a9fdec7a-73f7-4151-b213-e788362645ab}</UniqueIdentifier>
    </Filter>
    <Filter Include="소스 파일\GameSystem\MEMORY">
      <UniqueIdentifier>{8b2d65c3-d55c-4145-b4ac-f600457ed8f6}</UniqueIdentifier>
    </Filter>
    <Filter Include="소스 파일\GameSystem\GAMESYSTEM">
      <UniqueIdentifier>{9601a109-9dbe-4c06-ab01-f2f1fee322a7}</UniqueIdentifier>
    </Filter>
    <Filter Include="소스 파일\GameSystem\MOUSE">
      <UniqueIdentifier>{4a16a02b-ada8-4c9f-a864-6c442401b5c1}</UniqueIdentifier>
    </Filter>
    <Filter Include="UpdateLog\v1.x">
      <UniqueIdentifier>{fe4c2ba8-c032-4677-bec6-aee58abb3128}</UniqueIdentifier>
    </Filter>
    <Filter Include="소스 파일\GameSystem\TIME">
      <UniqueIdentifier>{d8bb1097-f9a3-4315-b8e9-fbbbf911f137}</UniqueIdentifier>
    </Filter>
    <Filter Include="소스 파일\GameSystem\FPS">
      <UniqueIdentifier>{f7aa806f-4679-4c96-b690-3c0e5390c952}</UniqueIdentifier>
    </Filter>
    <Filter Include="소스 파일\GameSystem\SYSTEMINFO">
      <UniqueIdentifier>{e0d17ceb-61fd-4e68-85bc-27f1718cacc9}</UniqueIdentifier>
    </Filter>
    <Filter Include="소스 파일\GameSystem\SYSTEMINFO\CPU">
      <UniqueIdentifier>{1c6dd03a-647c-4728-916c-6cbbc8252763}</UniqueIdentifier>
    </Filter>
    <Filter Include="소스 파일\GameSystem\SYSTEMINFO\RAM">
      <UniqueIdentifier>{8ce1acb3-d677-41a3-b72f-00b5704943b2}</UniqueIdentifier>
    </Filter>
    <Filter Include="소스 파일\GameSystem\CAMERA">
      <UniqueIdentifier>{e48a02a9-4ec0-40d0-85b4-aa3098e33f9b}</UniqueIdentifier>
    </Filter>
    <Filter Include="Shader">
      <UniqueIdentifier>{8288cf91-9258-4748-92a5-90c6c186d517}</UniqueIdentifier>
    </Filter>
    <Filter Include="Data">
      <UniqueIdentifier>{80b15fb5-f1e5-4b7a-b886-202e0cffb1c3}</UniqueIdentifier>
    </Filter>
    <Filter Include="Data\Console">
      <UniqueIdentifier>{49a3c991-6aef-4c7e-b4ea-5cc6ce8209f8}</UniqueIdentifier>
    </Filter>
    <Filter Include="소스 파일\GameSystem\MODEL">
      <UniqueIdentifier>{a77b4101-8084-4548-a968-567050de1ad9}</UniqueIdentifier>
    </Filter>
    <Filter Include="소스 파일\GameSystem\ERROR">
      <UniqueIdentifier>{281d5385-8abe-404c-8c66-2169c4eaa4ad}</UniqueIdentifier>
    </Filter>
    <Filter Include="소스 파일\GameSystem\GAME">
      <UniqueIdentifier>{1484c686-b535-49dd-856d-ac4293fae51c}</UniqueIdentifier>
    </Filter>
    <Filter Include="소스 파일\GameSystem\GAME\LIGHT">
      <UniqueIdentifier>{70e332b6-f9d8-4a2e-963c-99c34a8a388d}</UniqueIdentifier>
    </Filter>
  </ItemGroup>
  <ItemGroup>
    <ClCompile Include="CONSOLE.cpp">
      <Filter>소스 파일\GameSystem\CONSOLE</Filter>
    </ClCompile>
    <ClCompile Include="Main_Start.cpp">
      <Filter>소스 파일\Main</Filter>
    </ClCompile>
    <ClCompile Include="MEMORY.cpp">
      <Filter>소스 파일\GameSystem\MEMORY</Filter>
    </ClCompile>
    <ClCompile Include="KEYBOARD.cpp">
      <Filter>소스 파일\GameSystem\KEYBOARD</Filter>
    </ClCompile>
    <ClCompile Include="GAMESYSTEM.cpp">
      <Filter>소스 파일\GameSystem\GAMESYSTEM</Filter>
    </ClCompile>
    <ClCompile Include="MessageHandler.cpp">
      <Filter>소스 파일\GameSystem\GAMESYSTEM</Filter>
    </ClCompile>
    <ClCompile Include="MOUSE.cpp">
      <Filter>소스 파일\GameSystem\MOUSE</Filter>
    </ClCompile>
    <ClCompile Include="TIME.cpp">
      <Filter>소스 파일\GameSystem\TIME</Filter>
    </ClCompile>
    <ClCompile Include="FPS.cpp">
      <Filter>소스 파일\GameSystem\FPS</Filter>
    </ClCompile>
    <ClCompile Include="CPU.cpp">
      <Filter>소스 파일\GameSystem\SYSTEMINFO\CPU</Filter>
    </ClCompile>
    <ClCompile Include="RAM.cpp">
      <Filter>소스 파일\GameSystem\SYSTEMINFO\RAM</Filter>
    </ClCompile>
    <ClCompile Include="CAMERA.cpp">
      <Filter>소스 파일\GameSystem\CAMERA</Filter>
    </ClCompile>
    <ClCompile Include="MODEL.cpp">
      <Filter>소스 파일\GameSystem\MODEL</Filter>
    </ClCompile>
    <ClCompile Include="RUNTIME_ERROR.cpp">
      <Filter>소스 파일\GameSystem\ERROR</Filter>
    </ClCompile>
    <ClCompile Include="LIGHT.cpp">
      <Filter>소스 파일\GameSystem\GAME\LIGHT</Filter>
    </ClCompile>
    <ClCompile Include="Render.cpp">
      <Filter>소스 파일\GameSystem\GAMESYSTEM</Filter>
    </ClCompile>
    <ClCompile Include="D3DInitialize.cpp">
      <Filter>소스 파일\GameSystem\GAMESYSTEM</Filter>
    </ClCompile>
  </ItemGroup>
  <ItemGroup>
    <ClInclude Include="CONSOLE.h">
      <Filter>소스 파일\GameSystem\CONSOLE</Filter>
    </ClInclude>
    <ClInclude Include="CRT_DEBUG_.h">
      <Filter>헤더 파일</Filter>
    </ClInclude>
    <ClInclude Include="MEMORY.h">
      <Filter>소스 파일\GameSystem\MEMORY</Filter>
    </ClInclude>
    <ClInclude Include="KEYBOARD.h">
      <Filter>소스 파일\GameSystem\KEYBOARD</Filter>
    </ClInclude>
    <ClInclude Include="GAMESYSTEM.h">
      <Filter>소스 파일\GameSystem\GAMESYSTEM</Filter>
    </ClInclude>
    <ClInclude Include="MOUSE.h">
      <Filter>소스 파일\GameSystem\MOUSE</Filter>
    </ClInclude>
    <ClInclude Include="TIME.h">
      <Filter>소스 파일\GameSystem\TIME</Filter>
    </ClInclude>
    <ClInclude Include="FPS.h">
      <Filter>소스 파일\GameSystem\FPS</Filter>
    </ClInclude>
    <ClInclude Include="CPU.h">
      <Filter>소스 파일\GameSystem\SYSTEMINFO\CPU</Filter>
    </ClInclude>
    <ClInclude Include="RAM.h">
      <Filter>소스 파일\GameSystem\SYSTEMINFO\RAM</Filter>
    </ClInclude>
    <ClInclude Include="CAMERA.h">
      <Filter>소스 파일\GameSystem\CAMERA</Filter>
    </ClInclude>
    <ClInclude Include="CheckDataDefine.h">
      <Filter>소스 파일\GameSystem\CONSOLE</Filter>
    </ClInclude>
    <ClInclude Include="MODEL.h">
      <Filter>소스 파일\GameSystem\MODEL</Filter>
    </ClInclude>
    <ClInclude Include="RUNTIME_ERROR.h">
      <Filter>소스 파일\GameSystem\ERROR</Filter>
    </ClInclude>
    <ClInclude Include="LIGHT.h">
      <Filter>소스 파일\GameSystem\GAME\LIGHT</Filter>
    </ClInclude>
  </ItemGroup>
  <ItemGroup>
    <Text Include="UpdateLog\v1.x\v1.1.txt">
      <Filter>UpdateLog\v1.x</Filter>
    </Text>
    <Text Include="UpdateLog\v1.x\v1.2.txt">
      <Filter>UpdateLog\v1.x</Filter>
    </Text>
    <Text Include="UpdateLog\v1.x\v1.3.txt">
      <Filter>UpdateLog\v1.x</Filter>
    </Text>
    <Text Include="UpdateLog\v1.x\v1.4.txt">
      <Filter>UpdateLog\v1.x</Filter>
    </Text>
    <Text Include="UpdateLog\v1.x\v1.5.txt">
      <Filter>UpdateLog\v1.x</Filter>
    </Text>
    <Text Include="UpdateLog\v1.x\v1.6.txt">
      <Filter>UpdateLog\v1.x</Filter>
    </Text>
    <Text Include="data\console\CONSOLE_CHECK_DATA.txt">
      <Filter>Data\Console</Filter>
    </Text>
    <Text Include="data\console\CONSOLE_TAB_DATA.txt">
      <Filter>Data\Console</Filter>
    </Text>
    <Text Include="ver.txt">
      <Filter>리소스 파일</Filter>
    </Text>
    <Text Include="v1.7.txt">
      <Filter>UpdateLog\v1.x</Filter>
    </Text>
    <Text Include="shader\v1.8.txt">
      <Filter>UpdateLog\v1.x</Filter>
    </Text>
  </ItemGroup>
  <ItemGroup>
    <FxCompile Include="shader\shader.fx">
      <Filter>Shader</Filter>
    </FxCompile>
    <FxCompile Include="shader\shadow.fx">
      <Filter>Shader</Filter>
    </FxCompile>
    <FxCompile Include="shader\VerticalBlur.fx">
      <Filter>Shader</Filter>
    </FxCompile>
    <FxCompile Include="shader\SoftShadow.fx">
      <Filter>Shader</Filter>
    </FxCompile>
    <FxCompile Include="shader\MainShader.fx">
      <Filter>Shader</Filter>
    </FxCompile>
    <FxCompile Include="shader\HorizontalBlur.fx">
      <Filter>Shader</Filter>
    </FxCompile>
  </ItemGroup>
</Project>